
Microsoft Visual Studio Solution File, Format Version 9.00
# Visual C++ Express 2005
Project("{8BC9CEB8-8B4A-11D0-8D11-00A0C91BC942}") = "mathlib", "mathlib.vcproj", "{57727426-620D-4BD2-86E1-26B2BB1FEC4C}"
EndProject
Global
	GlobalSection(SolutionConfigurationPlatforms) = preSolution
		Debug|Win32 = Debug|Win32
		Release|Win32 = Release|Win32
	EndGlobalSection
	GlobalSection(ProjectConfigurationPlatforms) = postSolution
		{57727426-620D-4BD2-86E1-26B2BB1FEC4C}.Debug|Win32.ActiveCfg = Debug|Win32
		{57727426-620D-4BD2-86E1-26B2BB1FEC4C}.Debug|Win32.Build.0 = Debug|Win32
		{57727426-620D-4BD2-86E1-26B2BB1FEC4C}.Release|Win32.ActiveCfg = Release|Win32
		{57727426-620D-4BD2-86E1-26B2BB1FEC4C}.Release|Win32.Build.0 = Release|Win32
	EndGlobalSection
	GlobalSection(SolutionProperties) = preSolution
		HideSolutionNode = FALSE
	EndGlobalSection
EndGlobal
